{
    "version": 3,
    "terraform_version": "0.11.8",
    "serial": 6,
    "lineage": "780e1c46-b769-39d3-fd7b-0c8ed3c817ff",
    "modules": [
        {
            "path": [
                "root"
            ],
            "outputs": {
                "private ip site1": {
                    "sensitive": false,
                    "type": "string",
                    "value": "172.31.85.3"
                },
                "private ip site2": {
                    "sensitive": false,
                    "type": "string",
                    "value": "172.31.90.165"
                },
                "site1": {
                    "sensitive": false,
                    "type": "string",
                    "value": "52.21.193.23"
                },
                "site2": {
                    "sensitive": false,
                    "type": "string",
                    "value": "52.54.10.160"
                }
            },
            "resources": {
                "aws_eip_association.eip_site1": {
                    "type": "aws_eip_association",
                    "depends_on": [
                        "aws_instance.web1"
                    ],
                    "primary": {
                        "id": "eipassoc-0ee791b312d88560b",
                        "attributes": {
                            "allocation_id": "eipalloc-0d3eed18e0223fa37",
                            "id": "eipassoc-0ee791b312d88560b",
                            "instance_id": "i-0728154b2d1443a1f",
                            "network_interface_id": "eni-064d3cc4d50da882a",
                            "private_ip_address": "172.31.85.3",
                            "public_ip": "52.21.193.23"
                        },
                        "meta": {},
                        "tainted": false
                    },
                    "deposed": [],
                    "provider": "provider.aws"
                },
                "aws_eip_association.eip_site2": {
                    "type": "aws_eip_association",
                    "depends_on": [
                        "aws_instance.web2"
                    ],
                    "primary": {
                        "id": "eipassoc-004a970cb0cd9bd28",
                        "attributes": {
                            "allocation_id": "eipalloc-0816308fd184b9d6f",
                            "id": "eipassoc-004a970cb0cd9bd28",
                            "instance_id": "i-08f347d6a6c87a2e2",
                            "network_interface_id": "eni-070c4f7f3bac6482f",
                            "private_ip_address": "172.31.90.165",
                            "public_ip": "52.54.10.160"
                        },
                        "meta": {},
                        "tainted": false
                    },
                    "deposed": [],
                    "provider": "provider.aws"
                },
                "aws_instance.web1": {
                    "type": "aws_instance",
                    "depends_on": [
                        "aws_security_group.default"
                    ],
                    "primary": {
                        "id": "i-0728154b2d1443a1f",
                        "attributes": {
                            "ami": "ami-04681a1dbd79675a5",
                            "arn": "arn:aws:ec2:us-east-1:724419726552:instance/i-0728154b2d1443a1f",
                            "associate_public_ip_address": "true",
                            "availability_zone": "us-east-1d",
                            "cpu_core_count": "1",
                            "cpu_threads_per_core": "1",
                            "credit_specification.#": "1",
                            "credit_specification.0.cpu_credits": "standard",
                            "disable_api_termination": "false",
                            "ebs_block_device.#": "0",
                            "ebs_optimized": "false",
                            "ephemeral_block_device.#": "0",
                            "get_password_data": "false",
                            "iam_instance_profile": "",
                            "id": "i-0728154b2d1443a1f",
                            "instance_state": "running",
                            "instance_type": "t2.micro",
                            "ipv6_addresses.#": "0",
                            "key_name": "monorepo",
                            "monitoring": "false",
                            "network_interface.#": "0",
                            "network_interface_id": "eni-064d3cc4d50da882a",
                            "password_data": "",
                            "placement_group": "",
                            "primary_network_interface_id": "eni-064d3cc4d50da882a",
                            "private_dns": "ip-172-31-85-3.ec2.internal",
                            "private_ip": "172.31.85.3",
                            "public_dns": "ec2-54-173-136-41.compute-1.amazonaws.com",
                            "public_ip": "54.173.136.41",
                            "root_block_device.#": "1",
                            "root_block_device.0.delete_on_termination": "true",
                            "root_block_device.0.iops": "100",
                            "root_block_device.0.volume_id": "vol-0b117512d057e648a",
                            "root_block_device.0.volume_size": "8",
                            "root_block_device.0.volume_type": "gp2",
                            "security_groups.#": "1",
                            "security_groups.443664819": "nginx1",
                            "source_dest_check": "true",
                            "subnet_id": "subnet-aa6edf85",
                            "tags.%": "1",
                            "tags.Name": "nginx-site1",
                            "tenancy": "default",
                            "volume_tags.%": "0",
                            "vpc_security_group_ids.#": "1",
                            "vpc_security_group_ids.3377772369": "sg-04d2ab1a5a0d69770"
                        },
                        "meta": {
                            "e2bfb730-ecaa-11e6-8f88-34363bc7c4c0": {
                                "create": 600000000000,
                                "delete": 1200000000000,
                                "update": 600000000000
                            },
                            "schema_version": "1"
                        },
                        "tainted": false
                    },
                    "deposed": [],
                    "provider": "provider.aws"
                },
                "aws_instance.web2": {
                    "type": "aws_instance",
                    "depends_on": [
                        "aws_security_group.default"
                    ],
                    "primary": {
                        "id": "i-08f347d6a6c87a2e2",
                        "attributes": {
                            "ami": "ami-04681a1dbd79675a5",
                            "arn": "arn:aws:ec2:us-east-1:724419726552:instance/i-08f347d6a6c87a2e2",
                            "associate_public_ip_address": "true",
                            "availability_zone": "us-east-1d",
                            "cpu_core_count": "1",
                            "cpu_threads_per_core": "1",
                            "credit_specification.#": "1",
                            "credit_specification.0.cpu_credits": "standard",
                            "disable_api_termination": "false",
                            "ebs_block_device.#": "0",
                            "ebs_optimized": "false",
                            "ephemeral_block_device.#": "0",
                            "get_password_data": "false",
                            "iam_instance_profile": "",
                            "id": "i-08f347d6a6c87a2e2",
                            "instance_state": "running",
                            "instance_type": "t2.micro",
                            "ipv6_addresses.#": "0",
                            "key_name": "monorepo",
                            "monitoring": "false",
                            "network_interface.#": "0",
                            "network_interface_id": "eni-070c4f7f3bac6482f",
                            "password_data": "",
                            "placement_group": "",
                            "primary_network_interface_id": "eni-070c4f7f3bac6482f",
                            "private_dns": "ip-172-31-90-165.ec2.internal",
                            "private_ip": "172.31.90.165",
                            "public_dns": "ec2-35-172-118-104.compute-1.amazonaws.com",
                            "public_ip": "35.172.118.104",
                            "root_block_device.#": "1",
                            "root_block_device.0.delete_on_termination": "true",
                            "root_block_device.0.iops": "100",
                            "root_block_device.0.volume_id": "vol-0d3b17f4f3e974637",
                            "root_block_device.0.volume_size": "8",
                            "root_block_device.0.volume_type": "gp2",
                            "security_groups.#": "1",
                            "security_groups.443664819": "nginx1",
                            "source_dest_check": "true",
                            "subnet_id": "subnet-aa6edf85",
                            "tags.%": "1",
                            "tags.Name": "nginx-site2",
                            "tenancy": "default",
                            "volume_tags.%": "0",
                            "vpc_security_group_ids.#": "1",
                            "vpc_security_group_ids.3377772369": "sg-04d2ab1a5a0d69770"
                        },
                        "meta": {
                            "e2bfb730-ecaa-11e6-8f88-34363bc7c4c0": {
                                "create": 600000000000,
                                "delete": 1200000000000,
                                "update": 600000000000
                            },
                            "schema_version": "1"
                        },
                        "tainted": false
                    },
                    "deposed": [],
                    "provider": "provider.aws"
                },
                "aws_security_group.default": {
                    "type": "aws_security_group",
                    "depends_on": [],
                    "primary": {
                        "id": "sg-04d2ab1a5a0d69770",
                        "attributes": {
                            "arn": "arn:aws:ec2:us-east-1:724419726552:security-group/sg-04d2ab1a5a0d69770",
                            "description": "nginx",
                            "egress.#": "1",
                            "egress.482069346.cidr_blocks.#": "1",
                            "egress.482069346.cidr_blocks.0": "0.0.0.0/0",
                            "egress.482069346.description": "",
                            "egress.482069346.from_port": "0",
                            "egress.482069346.ipv6_cidr_blocks.#": "0",
                            "egress.482069346.prefix_list_ids.#": "0",
                            "egress.482069346.protocol": "-1",
                            "egress.482069346.security_groups.#": "0",
                            "egress.482069346.self": "false",
                            "egress.482069346.to_port": "0",
                            "id": "sg-04d2ab1a5a0d69770",
                            "ingress.#": "2",
                            "ingress.2214680975.cidr_blocks.#": "1",
                            "ingress.2214680975.cidr_blocks.0": "0.0.0.0/0",
                            "ingress.2214680975.description": "",
                            "ingress.2214680975.from_port": "80",
                            "ingress.2214680975.ipv6_cidr_blocks.#": "0",
                            "ingress.2214680975.prefix_list_ids.#": "0",
                            "ingress.2214680975.protocol": "tcp",
                            "ingress.2214680975.security_groups.#": "0",
                            "ingress.2214680975.self": "false",
                            "ingress.2214680975.to_port": "80",
                            "ingress.2541437006.cidr_blocks.#": "1",
                            "ingress.2541437006.cidr_blocks.0": "0.0.0.0/0",
                            "ingress.2541437006.description": "",
                            "ingress.2541437006.from_port": "22",
                            "ingress.2541437006.ipv6_cidr_blocks.#": "0",
                            "ingress.2541437006.prefix_list_ids.#": "0",
                            "ingress.2541437006.protocol": "tcp",
                            "ingress.2541437006.security_groups.#": "0",
                            "ingress.2541437006.self": "false",
                            "ingress.2541437006.to_port": "22",
                            "name": "nginx1",
                            "owner_id": "724419726552",
                            "revoke_rules_on_delete": "false",
                            "tags.%": "0",
                            "vpc_id": "vpc-f603408e"
                        },
                        "meta": {
                            "e2bfb730-ecaa-11e6-8f88-34363bc7c4c0": {
                                "create": 600000000000,
                                "delete": 600000000000
                            },
                            "schema_version": "1"
                        },
                        "tainted": false
                    },
                    "deposed": [],
                    "provider": "provider.aws"
                }
            },
            "depends_on": []
        }
    ]
}
